
Microsoft Visual Studio Solution File, Format Version 12.00
# Visual Studio 14
VisualStudioVersion = 14.0.25123.0
MinimumVisualStudioVersion = 10.0.40219.1
Project("{FAE04EC0-301F-11D3-BF4B-00C04F79EFBC}") = "Domain", "Domain\Domain.csproj", "{3DB738A0-B914-4F22-B19B-139F10C8E1AE}"
EndProject
Project("{FAE04EC0-301F-11D3-BF4B-00C04F79EFBC}") = "View", "View\View.csproj", "{FB75D24D-9D67-4177-9224-67A26953A061}"
EndProject
Project("{FAE04EC0-301F-11D3-BF4B-00C04F79EFBC}") = "Infra", "Infra\Infra.csproj", "{CADCEA5A-14B8-4365-B95B-5309BE84691C}"
EndProject
Global
	GlobalSection(SolutionConfigurationPlatforms) = preSolution
		Debug|Any CPU = Debug|Any CPU
		Release|Any CPU = Release|Any CPU
	EndGlobalSection
	GlobalSection(ProjectConfigurationPlatforms) = postSolution
		{3DB738A0-B914-4F22-B19B-139F10C8E1AE}.Debug|Any CPU.ActiveCfg = Debug|Any CPU
		{3DB738A0-B914-4F22-B19B-139F10C8E1AE}.Debug|Any CPU.Build.0 = Debug|Any CPU
		{3DB738A0-B914-4F22-B19B-139F10C8E1AE}.Release|Any CPU.ActiveCfg = Release|Any CPU
		{3DB738A0-B914-4F22-B19B-139F10C8E1AE}.Release|Any CPU.Build.0 = Release|Any CPU
		{FB75D24D-9D67-4177-9224-67A26953A061}.Debug|Any CPU.ActiveCfg = Debug|Any CPU
		{FB75D24D-9D67-4177-9224-67A26953A061}.Debug|Any CPU.Build.0 = Debug|Any CPU
		{FB75D24D-9D67-4177-9224-67A26953A061}.Release|Any CPU.ActiveCfg = Release|Any CPU
		{FB75D24D-9D67-4177-9224-67A26953A061}.Release|Any CPU.Build.0 = Release|Any CPU
		{CADCEA5A-14B8-4365-B95B-5309BE84691C}.Debug|Any CPU.ActiveCfg = Debug|Any CPU
		{CADCEA5A-14B8-4365-B95B-5309BE84691C}.Debug|Any CPU.Build.0 = Debug|Any CPU
		{CADCEA5A-14B8-4365-B95B-5309BE84691C}.Release|Any CPU.ActiveCfg = Release|Any CPU
		{CADCEA5A-14B8-4365-B95B-5309BE84691C}.Release|Any CPU.Build.0 = Release|Any CPU
	EndGlobalSection
	GlobalSection(SolutionProperties) = preSolution
		HideSolutionNode = FALSE
	EndGlobalSection
EndGlobal
